
Microsoft Visual Studio Solution File, Format Version 12.00
# Visual Studio Version 16
VisualStudioVersion = 16.0.29418.71
MinimumVisualStudioVersion = 10.0.40219.1
Project("{FAE04EC0-301F-11D3-BF4B-00C04F79EFBC}") = "QRCodeGen", "QRCodeGen\QRCodeGen.csproj", "{1FC4F2BE-89D9-43BC-8155-CAC60086F0C1}"
EndProject
Global
	GlobalSection(SolutionConfigurationPlatforms) = preSolution
		Debug|Any CPU = Debug|Any CPU
		Release|Any CPU = Release|Any CPU
	EndGlobalSection
	GlobalSection(ProjectConfigurationPlatforms) = postSolution
		{1FC4F2BE-89D9-43BC-8155-CAC60086F0C1}.Debug|Any CPU.ActiveCfg = Debug|Any CPU
		{1FC4F2BE-89D9-43BC-8155-CAC60086F0C1}.Debug|Any CPU.Build.0 = Debug|Any CPU
		{1FC4F2BE-89D9-43BC-8155-CAC60086F0C1}.Release|Any CPU.ActiveCfg = Release|Any CPU
		{1FC4F2BE-89D9-43BC-8155-CAC60086F0C1}.Release|Any CPU.Build.0 = Release|Any CPU
	EndGlobalSection
	GlobalSection(SolutionProperties) = preSolution
		HideSolutionNode = FALSE
	EndGlobalSection
	GlobalSection(ExtensibilityGlobals) = postSolution
		SolutionGuid = {36731C75-550E-4D28-831A-EB1628D92C0C}
	EndGlobalSection
EndGlobal
